// !$*UTF8*$!
{
	archiveVersion = 1;
	classes = {
	};
	objectVersion = 50;
	objects = {

/* Begin PBXBuildFile section */
		61DDBB9D224E8BED005536B7 /* AppDelegate.swift in Sources */ = {isa = PBXBuildFile; fileRef = 61DDBB9C224E8BED005536B7 /* AppDelegate.swift */; };
		61DDBB9F224E8BED005536B7 /* ItemsViewController.swift in Sources */ = {isa = PBXBuildFile; fileRef = 61DDBB9E224E8BED005536B7 /* ItemsViewController.swift */; };
		61DDBBA2224E8BED005536B7 /* Main.storyboard in Resources */ = {isa = PBXBuildFile; fileRef = 61DDBBA0224E8BED005536B7 /* Main.storyboard */; };
		61DDBBA4224E8BEE005536B7 /* Assets.xcassets in Resources */ = {isa = PBXBuildFile; fileRef = 61DDBBA3224E8BEE005536B7 /* Assets.xcassets */; };
		61DDBBA7224E8BEE005536B7 /* LaunchScreen.storyboard in Resources */ = {isa = PBXBuildFile; fileRef = 61DDBBA5224E8BEE005536B7 /* LaunchScreen.storyboard */; };
		61DDBBB1224E8CDE005536B7 /* DataService.swift in Sources */ = {isa = PBXBuildFile; fileRef = 61DDBBB0224E8CDE005536B7 /* DataService.swift */; };
		61DDBBB4224E8D31005536B7 /* Item.swift in Sources */ = {isa = PBXBuildFile; fileRef = 61DDBBB3224E8D31005536B7 /* Item.swift */; };
		61DDBBB8224E8EB1005536B7 /* ItemTableViewCell.swift in Sources */ = {isa = PBXBuildFile; fileRef = 61DDBBB6224E8EB1005536B7 /* ItemTableViewCell.swift */; };
		61DDBBB9224E8EB1005536B7 /* ItemTableViewCell.xib in Resources */ = {isa = PBXBuildFile; fileRef = 61DDBBB7224E8EB1005536B7 /* ItemTableViewCell.xib */; };
		61DDBBBC224E8F7F005536B7 /* Constants.swift in Sources */ = {isa = PBXBuildFile; fileRef = 61DDBBBB224E8F7F005536B7 /* Constants.swift */; };
/* End PBXBuildFile section */

/* Begin PBXFileReference section */
		61DDBB99224E8BED005536B7 /* rbcTestApp.app */ = {isa = PBXFileReference; explicitFileType = wrapper.application; includeInIndex = 0; path = rbcTestApp.app; sourceTree = BUILT_PRODUCTS_DIR; };
		61DDBB9C224E8BED005536B7 /* AppDelegate.swift */ = {isa = PBXFileReference; lastKnownFileType = sourcecode.swift; path = AppDelegate.swift; sourceTree = "<group>"; };
		61DDBB9E224E8BED005536B7 /* ItemsViewController.swift */ = {isa = PBXFileReference; lastKnownFileType = sourcecode.swift; path = ItemsViewController.swift; sourceTree = "<group>"; };
		61DDBBA1224E8BED005536B7 /* Base */ = {isa = PBXFileReference; lastKnownFileType = file.storyboard; name = Base; path = Base.lproj/Main.storyboard; sourceTree = "<group>"; };
		61DDBBA3224E8BEE005536B7 /* Assets.xcassets */ = {isa = PBXFileReference; lastKnownFileType = folder.assetcatalog; path = Assets.xcassets; sourceTree = "<group>"; };
		61DDBBA6224E8BEE005536B7 /* Base */ = {isa = PBXFileReference; lastKnownFileType = file.storyboard; name = Base; path = Base.lproj/LaunchScreen.storyboard; sourceTree = "<group>"; };
		61DDBBA8224E8BEE005536B7 /* Info.plist */ = {isa = PBXFileReference; lastKnownFileType = text.plist.xml; path = Info.plist; sourceTree = "<group>"; };
		61DDBBB0224E8CDE005536B7 /* DataService.swift */ = {isa = PBXFileReference; lastKnownFileType = sourcecode.swift; path = DataService.swift; sourceTree = "<group>"; };
		61DDBBB3224E8D31005536B7 /* Item.swift */ = {isa = PBXFileReference; lastKnownFileType = sourcecode.swift; path = Item.swift; sourceTree = "<group>"; };
		61DDBBB6224E8EB1005536B7 /* ItemTableViewCell.swift */ = {isa = PBXFileReference; lastKnownFileType = sourcecode.swift; path = ItemTableViewCell.swift; sourceTree = "<group>"; };
		61DDBBB7224E8EB1005536B7 /* ItemTableViewCell.xib */ = {isa = PBXFileReference; lastKnownFileType = file.xib; path = ItemTableViewCell.xib; sourceTree = "<group>"; };
		61DDBBBB224E8F7F005536B7 /* Constants.swift */ = {isa = PBXFileReference; lastKnownFileType = sourcecode.swift; path = Constants.swift; sourceTree = "<group>"; };
/* End PBXFileReference section */

/* Begin PBXFrameworksBuildPhase section */
		61DDBB96224E8BED005536B7 /* Frameworks */ = {
			isa = PBXFrameworksBuildPhase;
			buildActionMask = 2147483647;
			files = (
			);
			runOnlyForDeploymentPostprocessing = 0;
		};
/* End PBXFrameworksBuildPhase section */

/* Begin PBXGroup section */
		61DDBB90224E8BED005536B7 = {
			isa = PBXGroup;
			children = (
				61DDBB9B224E8BED005536B7 /* rbcTestApp */,
				61DDBB9A224E8BED005536B7 /* Products */,
			);
			sourceTree = "<group>";
		};
		61DDBB9A224E8BED005536B7 /* Products */ = {
			isa = PBXGroup;
			children = (
				61DDBB99224E8BED005536B7 /* rbcTestApp.app */,
			);
			name = Products;
			sourceTree = "<group>";
		};
		61DDBB9B224E8BED005536B7 /* rbcTestApp */ = {
			isa = PBXGroup;
			children = (
				61DDBBBA224E8F71005536B7 /* Util */,
				61DDBBB5224E8E8E005536B7 /* View */,
				61DDBBB2224E8D20005536B7 /* Model */,
				61DDBBAF224E8CCE005536B7 /* Service */,
				61DDBBAE224E8C49005536B7 /* Controller */,
				61DDBB9C224E8BED005536B7 /* AppDelegate.swift */,
				61DDBBA0224E8BED005536B7 /* Main.storyboard */,
				61DDBBA3224E8BEE005536B7 /* Assets.xcassets */,
				61DDBBA5224E8BEE005536B7 /* LaunchScreen.storyboard */,
				61DDBBA8224E8BEE005536B7 /* Info.plist */,
			);
			path = rbcTestApp;
			sourceTree = "<group>";
		};
		61DDBBAE224E8C49005536B7 /* Controller */ = {
			isa = PBXGroup;
			children = (
				61DDBB9E224E8BED005536B7 /* ItemsViewController.swift */,
			);
			path = Controller;
			sourceTree = "<group>";
		};
		61DDBBAF224E8CCE005536B7 /* Service */ = {
			isa = PBXGroup;
			children = (
				61DDBBB0224E8CDE005536B7 /* DataService.swift */,
			);
			path = Service;
			sourceTree = "<group>";
		};
		61DDBBB2224E8D20005536B7 /* Model */ = {
			isa = PBXGroup;
			children = (
				61DDBBB3224E8D31005536B7 /* Item.swift */,
			);
			path = Model;
			sourceTree = "<group>";
		};
		61DDBBB5224E8E8E005536B7 /* View */ = {
			isa = PBXGroup;
			children = (
				61DDBBB6224E8EB1005536B7 /* ItemTableViewCell.swift */,
				61DDBBB7224E8EB1005536B7 /* ItemTableViewCell.xib */,
			);
			path = View;
			sourceTree = "<group>";
		};
		61DDBBBA224E8F71005536B7 /* Util */ = {
			isa = PBXGroup;
			children = (
				61DDBBBB224E8F7F005536B7 /* Constants.swift */,
			);
			path = Util;
			sourceTree = "<group>";
		};
/* End PBXGroup section */

/* Begin PBXNativeTarget section */
		61DDBB98224E8BED005536B7 /* rbcTestApp */ = {
			isa = PBXNativeTarget;
			buildConfigurationList = 61DDBBAB224E8BEE005536B7 /* Build configuration list for PBXNativeTarget "rbcTestApp" */;
			buildPhases = (
				61DDBB95224E8BED005536B7 /* Sources */,
				61DDBB96224E8BED005536B7 /* Frameworks */,
				61DDBB97224E8BED005536B7 /* Resources */,
			);
			buildRules = (
			);
			dependencies = (
			);
			name = rbcTestApp;
			productName = rbcTestApp;
			productReference = 61DDBB99224E8BED005536B7 /* rbcTestApp.app */;
			productType = "com.apple.product-type.application";
		};
/* End PBXNativeTarget section */

/* Begin PBXProject section */
		61DDBB91224E8BED005536B7 /* Project object */ = {
			isa = PBXProject;
			attributes = {
				LastSwiftUpdateCheck = 1010;
				LastUpgradeCheck = 1010;
				ORGANIZATIONNAME = "Alaa Eljatib Etmaz Alsebaei";
				TargetAttributes = {
					61DDBB98224E8BED005536B7 = {
						CreatedOnToolsVersion = 10.1;
					};
				};
			};
			buildConfigurationList = 61DDBB94224E8BED005536B7 /* Build configuration list for PBXProject "rbcTestApp" */;
			compatibilityVersion = "Xcode 9.3";
			developmentRegion = en;
			hasScannedForEncodings = 0;
			knownRegions = (
				en,
				Base,
			);
			mainGroup = 61DDBB90224E8BED005536B7;
			productRefGroup = 61DDBB9A224E8BED005536B7 /* Products */;
			projectDirPath = "";
			projectRoot = "";
			targets = (
				61DDBB98224E8BED005536B7 /* rbcTestApp */,
			);
		};
/* End PBXProject section */

/* Begin PBXResourcesBuildPhase section */
		61DDBB97224E8BED005536B7 /* Resources */ = {
			isa = PBXResourcesBuildPhase;
			buildActionMask = 2147483647;
			files = (
				61DDBBB9224E8EB1005536B7 /* ItemTableViewCell.xib in Resources */,
				61DDBBA7224E8BEE005536B7 /* LaunchScreen.storyboard in Resources */,
				61DDBBA4224E8BEE005536B7 /* Assets.xcassets in Resources */,
				61DDBBA2224E8BED005536B7 /* Main.storyboard in Resources */,
			);
			runOnlyForDeploymentPostprocessing = 0;
		};
/* End PBXResourcesBuildPhase section */

/* Begin PBXSourcesBuildPhase section */
		61DDBB95224E8BED005536B7 /* Sources */ = {
			isa = PBXSourcesBuildPhase;
			buildActionMask = 2147483647;
			files = (
				61DDBBB4224E8D31005536B7 /* Item.swift in Sources */,
				61DDBBB1224E8CDE005536B7 /* DataService.swift in Sources */,
				61DDBBB8224E8EB1005536B7 /* ItemTableViewCell.swift in Sources */,
				61DDBB9F224E8BED005536B7 /* ItemsViewController.swift in Sources */,
				61DDBB9D224E8BED005536B7 /* AppDelegate.swift in Sources */,
				61DDBBBC224E8F7F005536B7 /* Constants.swift in Sources */,
			);
			runOnlyForDeploymentPostprocessing = 0;
		};
/* End PBXSourcesBuildPhase section */

/* Begin PBXVariantGroup section */
		61DDBBA0224E8BED005536B7 /* Main.storyboard */ = {
			isa = PBXVariantGroup;
			children = (
				61DDBBA1224E8BED005536B7 /* Base */,
			);
			name = Main.storyboard;
			sourceTree = "<group>";
		};
		61DDBBA5224E8BEE005536B7 /* LaunchScreen.storyboard */ = {
			isa = PBXVariantGroup;
			children = (
				61DDBBA6224E8BEE005536B7 /* Base */,
			);
			name = LaunchScreen.storyboard;
			sourceTree = "<group>";
		};
/* End PBXVariantGroup section */

/* Begin XCBuildConfiguration section */
		61DDBBA9224E8BEE005536B7 /* Debug */ = {
			isa = XCBuildConfiguration;
			buildSettings = {
				ALWAYS_SEARCH_USER_PATHS = NO;
				CLANG_ANALYZER_NONNULL = YES;
				CLANG_ANALYZER_NUMBER_OBJECT_CONVERSION = YES_AGGRESSIVE;
				CLANG_CXX_LANGUAGE_STANDARD = "gnu++14";
				CLANG_CXX_LIBRARY = "libc++";
				CLANG_ENABLE_MODULES = YES;
				CLANG_ENABLE_OBJC_ARC = YES;
				CLANG_ENABLE_OBJC_WEAK = YES;
				CLANG_WARN_BLOCK_CAPTURE_AUTORELEASING = YES;
				CLANG_WARN_BOOL_CONVERSION = YES;
				CLANG_WARN_COMMA = YES;
				CLANG_WARN_CONSTANT_CONVERSION = YES;
				CLANG_WARN_DEPRECATED_OBJC_IMPLEMENTATIONS = YES;
				CLANG_WARN_DIRECT_OBJC_ISA_USAGE = YES_ERROR;
				CLANG_WARN_DOCUMENTATION_COMMENTS = YES;
				CLANG_WARN_EMPTY_BODY = YES;
				CLANG_WARN_ENUM_CONVERSION = YES;
				CLANG_WARN_INFINITE_RECURSION = YES;
				CLANG_WARN_INT_CONVERSION = YES;
				CLANG_WARN_NON_LITERAL_NULL_CONVERSION = YES;
				CLANG_WARN_OBJC_IMPLICIT_RETAIN_SELF = YES;
				CLANG_WARN_OBJC_LITERAL_CONVERSION = YES;
				CLANG_WARN_OBJC_ROOT_CLASS = YES_ERROR;
				CLANG_WARN_RANGE_LOOP_ANALYSIS = YES;
				CLANG_WARN_STRICT_PROTOTYPES = YES;
				CLANG_WARN_SUSPICIOUS_MOVE = YES;
				CLANG_WARN_UNGUARDED_AVAILABILITY = YES_AGGRESSIVE;
				CLANG_WARN_UNREACHABLE_CODE = YES;
				CLANG_WARN__DUPLICATE_METHOD_MATCH = YES;
				CODE_SIGN_IDENTITY = "iPhone Developer";
				COPY_PHASE_STRIP = NO;
				DEBUG_INFORMATION_FORMAT = dwarf;
				ENABLE_STRICT_OBJC_MSGSEND = YES;
				ENABLE_TESTABILITY = YES;
				GCC_C_LANGUAGE_STANDARD = gnu11;
				GCC_DYNAMIC_NO_PIC = NO;
				GCC_NO_COMMON_BLOCKS = YES;
				GCC_OPTIMIZATION_LEVEL = 0;
				GCC_PREPROCESSOR_DEFINITIONS = (
					"DEBUG=1",
					"$(inherited)",
				);
				GCC_WARN_64_TO_32_BIT_CONVERSION = YES;
				GCC_WARN_ABOUT_RETURN_TYPE = YES_ERROR;
				GCC_WARN_UNDECLARED_SELECTOR = YES;
				GCC_WARN_UNINITIALIZED_AUTOS = YES_AGGRESSIVE;
				GCC_WARN_UNUSED_FUNCTION = YES;
				GCC_WARN_UNUSED_VARIABLE = YES;
				IPHONEOS_DEPLOYMENT_TARGET = 12.1;
				MTL_ENABLE_DEBUG_INFO = INCLUDE_SOURCE;
				MTL_FAST_MATH = YES;
				ONLY_ACTIVE_ARCH = YES;
				SDKROOT = iphoneos;
				SWIFT_ACTIVE_COMPILATION_CONDITIONS = DEBUG;
				SWIFT_OPTIMIZATION_LEVEL = "-Onone";
			};
			name = Debug;
		};
		61DDBBAA224E8BEE005536B7 /* Release */ = {
			isa = XCBuildConfiguration;
			buildSettings = {
				ALWAYS_SEARCH_USER_PATHS = NO;
				CLANG_ANALYZER_NONNULL = YES;
				CLANG_ANALYZER_NUMBER_OBJECT_CONVERSION = YES_AGGRESSIVE;
				CLANG_CXX_LANGUAGE_STANDARD = "gnu++14";
				CLANG_CXX_LIBRARY = "libc++";
				CLANG_ENABLE_MODULES = YES;
				CLANG_ENABLE_OBJC_ARC = YES;
				CLANG_ENABLE_OBJC_WEAK = YES;
				CLANG_WARN_BLOCK_CAPTURE_AUTORELEASING = YES;
				CLANG_WARN_BOOL_CONVERSION = YES;
				CLANG_WARN_COMMA = YES;
				CLANG_WARN_CONSTANT_CONVERSION = YES;
				CLANG_WARN_DEPRECATED_OBJC_IMPLEMENTATIONS = YES;
				CLANG_WARN_DIRECT_OBJC_ISA_USAGE = YES_ERROR;
				CLANG_WARN_DOCUMENTATION_COMMENTS = YES;
				CLANG_WARN_EMPTY_BODY = YES;
				CLANG_WARN_ENUM_CONVERSION = YES;
				CLANG_WARN_INFINITE_RECURSION = YES;
				CLANG_WARN_INT_CONVERSION = YES;
				CLANG_WARN_NON_LITERAL_NULL_CONVERSION = YES;
				CLANG_WARN_OBJC_IMPLICIT_RETAIN_SELF = YES;
				CLANG_WARN_OBJC_LITERAL_CONVERSION = YES;
				CLANG_WARN_OBJC_ROOT_CLASS = YES_ERROR;
				CLANG_WARN_RANGE_LOOP_ANALYSIS = YES;
				CLANG_WARN_STRICT_PROTOTYPES = YES;
				CLANG_WARN_SUSPICIOUS_MOVE = YES;
				CLANG_WARN_UNGUARDED_AVAILABILITY = YES_AGGRESSIVE;
				CLANG_WARN_UNREACHABLE_CODE = YES;
				CLANG_WARN__DUPLICATE_METHOD_MATCH = YES;
				CODE_SIGN_IDENTITY = "iPhone Developer";
				COPY_PHASE_STRIP = NO;
				DEBUG_INFORMATION_FORMAT = "dwarf-with-dsym";
				ENABLE_NS_ASSERTIONS = NO;
				ENABLE_STRICT_OBJC_MSGSEND = YES;
				GCC_C_LANGUAGE_STANDARD = gnu11;
				GCC_NO_COMMON_BLOCKS = YES;
				GCC_WARN_64_TO_32_BIT_CONVERSION = YES;
				GCC_WARN_ABOUT_RETURN_TYPE = YES_ERROR;
				GCC_WARN_UNDECLARED_SELECTOR = YES;
				GCC_WARN_UNINITIALIZED_AUTOS = YES_AGGRESSIVE;
				GCC_WARN_UNUSED_FUNCTION = YES;
				GCC_WARN_UNUSED_VARIABLE = YES;
				IPHONEOS_DEPLOYMENT_TARGET = 12.1;
				MTL_ENABLE_DEBUG_INFO = NO;
				MTL_FAST_MATH = YES;
				SDKROOT = iphoneos;
				SWIFT_COMPILATION_MODE = wholemodule;
				SWIFT_OPTIMIZATION_LEVEL = "-O";
				VALIDATE_PRODUCT = YES;
			};
			name = Release;
		};
		61DDBBAC224E8BEE005536B7 /* Debug */ = {
			isa = XCBuildConfiguration;
			buildSettings = {
				ASSETCATALOG_COMPILER_APPICON_NAME = AppIcon;
				CODE_SIGN_STYLE = Automatic;
				INFOPLIST_FILE = rbcTestApp/Info.plist;
				LD_RUNPATH_SEARCH_PATHS = (
					"$(inherited)",
					"@executable_path/Frameworks",
				);
				PRODUCT_BUNDLE_IDENTIFIER = Alaa.rbcTestApp;
				PRODUCT_NAME = "$(TARGET_NAME)";
				SWIFT_VERSION = 4.2;
				TARGETED_DEVICE_FAMILY = "1,2";
			};
			name = Debug;
		};
		61DDBBAD224E8BEE005536B7 /* Release */ = {
			isa = XCBuildConfiguration;
			buildSettings = {
				ASSETCATALOG_COMPILER_APPICON_NAME = AppIcon;
				CODE_SIGN_STYLE = Automatic;
				INFOPLIST_FILE = rbcTestApp/Info.plist;
				LD_RUNPATH_SEARCH_PATHS = (
					"$(inherited)",
					"@executable_path/Frameworks",
				);
				PRODUCT_BUNDLE_IDENTIFIER = Alaa.rbcTestApp;
				PRODUCT_NAME = "$(TARGET_NAME)";
				SWIFT_VERSION = 4.2;
				TARGETED_DEVICE_FAMILY = "1,2";
			};
			name = Release;
		};
/* End XCBuildConfiguration section */

/* Begin XCConfigurationList section */
		61DDBB94224E8BED005536B7 /* Build configuration list for PBXProject "rbcTestApp" */ = {
			isa = XCConfigurationList;
			buildConfigurations = (
				61DDBBA9224E8BEE005536B7 /* Debug */,
				61DDBBAA224E8BEE005536B7 /* Release */,
			);
			defaultConfigurationIsVisible = 0;
			defaultConfigurationName = Release;
		};
		61DDBBAB224E8BEE005536B7 /* Build configuration list for PBXNativeTarget "rbcTestApp" */ = {
			isa = XCConfigurationList;
			buildConfigurations = (
				61DDBBAC224E8BEE005536B7 /* Debug */,
				61DDBBAD224E8BEE005536B7 /* Release */,
			);
			defaultConfigurationIsVisible = 0;
			defaultConfigurationName = Release;
		};
/* End XCConfigurationList section */
	};
	rootObject = 61DDBB91224E8BED005536B7 /* Project object */;
}
